
Microsoft Visual Studio Solution File, Format Version 12.00
# Visual Studio Version 17
VisualStudioVersion = 17.3.32819.101
MinimumVisualStudioVersion = 10.0.40219.1
Project("{FAE04EC0-301F-11D3-BF4B-00C04F79EFBC}") = "switch statements", "switch statements.csproj", "{B1364425-E039-4514-9E06-0CFC52412507}"
EndProject
Global
	GlobalSection(SolutionConfigurationPlatforms) = preSolution
		Debug|Any CPU = Debug|Any CPU
		Release|Any CPU = Release|Any CPU
	EndGlobalSection
	GlobalSection(ProjectConfigurationPlatforms) = postSolution
		{B1364425-E039-4514-9E06-0CFC52412507}.Debug|Any CPU.ActiveCfg = Debug|Any CPU
		{B1364425-E039-4514-9E06-0CFC52412507}.Debug|Any CPU.Build.0 = Debug|Any CPU
		{B1364425-E039-4514-9E06-0CFC52412507}.Release|Any CPU.ActiveCfg = Release|Any CPU
		{B1364425-E039-4514-9E06-0CFC52412507}.Release|Any CPU.Build.0 = Release|Any CPU
	EndGlobalSection
	GlobalSection(SolutionProperties) = preSolution
		HideSolutionNode = FALSE
	EndGlobalSection
	GlobalSection(ExtensibilityGlobals) = postSolution
		SolutionGuid = {7240D63A-58F1-40F1-ABA9-A1B52ECB075A}
	EndGlobalSection
EndGlobal
