
Microsoft Visual Studio Solution File, Format Version 12.00
# Visual Studio Version 17
VisualStudioVersion = 17.3.32819.101
MinimumVisualStudioVersion = 10.0.40219.1
Project("{FAE04EC0-301F-11D3-BF4B-00C04F79EFBC}") = "DisplayRussianMessage", "DisplayRussianMessage.csproj", "{242DD99F-2F11-44F9-8F44-14B4702F951F}"
EndProject
Global
	GlobalSection(SolutionConfigurationPlatforms) = preSolution
		Debug|Any CPU = Debug|Any CPU
		Release|Any CPU = Release|Any CPU
	EndGlobalSection
	GlobalSection(ProjectConfigurationPlatforms) = postSolution
		{242DD99F-2F11-44F9-8F44-14B4702F951F}.Debug|Any CPU.ActiveCfg = Debug|Any CPU
		{242DD99F-2F11-44F9-8F44-14B4702F951F}.Debug|Any CPU.Build.0 = Debug|Any CPU
		{242DD99F-2F11-44F9-8F44-14B4702F951F}.Release|Any CPU.ActiveCfg = Release|Any CPU
		{242DD99F-2F11-44F9-8F44-14B4702F951F}.Release|Any CPU.Build.0 = Release|Any CPU
	EndGlobalSection
	GlobalSection(SolutionProperties) = preSolution
		HideSolutionNode = FALSE
	EndGlobalSection
	GlobalSection(ExtensibilityGlobals) = postSolution
		SolutionGuid = {9C5B5486-9E3B-4CC7-8DDF-75F2C566BD1B}
	EndGlobalSection
EndGlobal
